# This file was autogenerated by Stack.
# You should not edit this file by hand.
# For more information, please see the documentation at:
#   https://docs.haskellstack.org/en/stable/lock_files

packages:
- completed:
    hackage: opaleye-0.6.7003.1@sha256:48ee3eb0cad7ce9f3d8e6edf07c47bd3eacd811c67fc5ab3a45275c3dbd702c7,5331
    pantry-tree:
      size: 4713
      sha256: 663332c25b96ffee3f20d39d82fb9b0f071d865c6b782d37688c68392ea3f590
  original:
    hackage: opaleye-0.6.7003.1
- completed:
    hackage: vinyl-0.8.1.1@sha256:7983e5533f34cacf501f19d499942514484297817f1c72412e28e4013c496655,3378
    pantry-tree:
      size: 1314
      sha256: 686b82616e989a0bb4f76c182befb1dcdd542d2a4201ebf8720fb2602defc7eb
  original:
    hackage: vinyl-0.8.1.1
- completed:
    hackage: ekg-0.4.0.15@sha256:f52d7c00654d72d2ab988255f30adba95a52484ac310bab9c136c64732e69f4b,2030
    pantry-tree:
      size: 1495
      sha256: 391c0a6aec6219bfcbbfec371281a27eae77f587f145c4f06f7fdddddaaf5327
  original:
    hackage: ekg-0.4.0.15@sha256:f52d7c00654d72d2ab988255f30adba95a52484ac310bab9c136c64732e69f4b
- completed:
    hackage: ekg-json-0.1.0.6@sha256:4ff2e9cac213a5868ae8b4a7c72a16a9a76fac14d944ae819b3d838a9725569b,1050
    pantry-tree:
      size: 265
      sha256: 77dde8082700d78a353b7e476e4457aaa41acf62b1b60dbdbb450dfd553cf9b5
  original:
    hackage: ekg-json-0.1.0.6@sha256:4ff2e9cac213a5868ae8b4a7c72a16a9a76fac14d944ae819b3d838a9725569b
- completed:
    hackage: generic-deriving-1.13.1@sha256:5f488bdd18439061b5394836c3a053de7bcc4694674e4c8bc0cc0d167515a004,4223
    pantry-tree:
      size: 2191
      sha256: 6abb8627a516504311a313297cbfa7f35e34ab52def566e7071fc97731423b79
  original:
    hackage: generic-deriving-1.13.1
- completed:
    hackage: aeson-1.4.7.1@sha256:6d8d2fd959b7122a1df9389cf4eca30420a053d67289f92cdc0dbc0dab3530ba,7098
    pantry-tree:
      size: 40133
      sha256: caa9306e519c601ab0170d113daa03c1163db53e5466be2968bbd61a771bebcb
  original:
    hackage: aeson-1.4.7.1
- completed:
    hackage: th-abstraction-0.3.2.0@sha256:9b5b4e6e2bbff9b075ad7751ee98e2107090bd17b51d5442695b8990e4db6521,1851
    pantry-tree:
      size: 583
      sha256: 21e260e558db166dc70f3002e7a0d22dd57d0b9e7842dd9de5e2f9f887e1275e
  original:
    hackage: th-abstraction-0.3.2.0@sha256:9b5b4e6e2bbff9b075ad7751ee98e2107090bd17b51d5442695b8990e4db6521,1851
- completed:
    hackage: time-compat-1.9.3@sha256:a1a0a8b088be6a7be50c7c0bf156ce876151b1cbe14261736965e361c8073b2a,4349
    pantry-tree:
      size: 3654
      sha256: 9bce314b9a677472b9cc051a6ed09f4a1555180a5e2702ad67d64d74c9b5ceed
  original:
    hackage: time-compat-1.9.3@sha256:a1a0a8b088be6a7be50c7c0bf156ce876151b1cbe14261736965e361c8073b2a,4349
snapshots:
- completed:
    size: 500539
    url: https://raw.githubusercontent.com/commercialhaskell/stackage-snapshots/master/lts/13/30.yaml
    sha256: 59ad6b944c9903847fecdc1d4815e8500c1f9999d80fd1b4d2d66e408faec44b
  original: lts-13.30
